// !$*UTF8*$!
{
	archiveVersion = 1;
	classes = {
	};
	objectVersion = 56;
	objects = {

/* Begin PBXBuildFile section */
		1D3B32FFB367C7DBF1BCC87B /* ProgramImportParser.swift in Sources */ = {isa = PBXBuildFile; fileRef = A8A408691CFD63BC56DC55CE /* ProgramImportParser.swift */; };
		4BD7329FD7C1BC7DD8F91226 /* ProgramImportParserTests.swift in Sources */ = {isa = PBXBuildFile; fileRef = 165569863085B0817806842C /* ProgramImportParserTests.swift */; };
		4BD7329FD7C1BC7DD8F91227 /* ProgramImporterTests.swift in Sources */ = {isa = PBXBuildFile; fileRef = 165569863085B0817806842D /* ProgramImporterTests.swift */; };
		A10000000000000000000001 /* UnitApp.swift in Sources */ = {isa = PBXBuildFile; fileRef = A20000000000000000000001 /* UnitApp.swift */; };
		A10000000000000000000002 /* ContentView.swift in Sources */ = {isa = PBXBuildFile; fileRef = A20000000000000000000002 /* ContentView.swift */; };
		A10000000000000000000003 /* Exercise.swift in Sources */ = {isa = PBXBuildFile; fileRef = A20000000000000000000003 /* Exercise.swift */; };
		A10000000000000000000004 /* DayTemplate.swift in Sources */ = {isa = PBXBuildFile; fileRef = A20000000000000000000004 /* DayTemplate.swift */; };
		A10000000000000000000005 /* WorkoutSession.swift in Sources */ = {isa = PBXBuildFile; fileRef = A20000000000000000000005 /* WorkoutSession.swift */; };
		A10000000000000000000006 /* SetEntry.swift in Sources */ = {isa = PBXBuildFile; fileRef = A20000000000000000000006 /* SetEntry.swift */; };
		A10000000000000000000007 /* TodayView.swift in Sources */ = {isa = PBXBuildFile; fileRef = A20000000000000000000007 /* TodayView.swift */; };
		A10000000000000000000008 /* ActiveWorkoutView.swift in Sources */ = {isa = PBXBuildFile; fileRef = A20000000000000000000008 /* ActiveWorkoutView.swift */; };
		A10000000000000000000009 /* TemplatesView.swift in Sources */ = {isa = PBXBuildFile; fileRef = A20000000000000000000009 /* TemplatesView.swift */; };
		A1000000000000000000000A /* TemplateDetailView.swift in Sources */ = {isa = PBXBuildFile; fileRef = A2000000000000000000000A /* TemplateDetailView.swift */; };
		A1000000000000000000000B /* AddTemplateView.swift in Sources */ = {isa = PBXBuildFile; fileRef = A2000000000000000000000B /* AddTemplateView.swift */; };
		A1000000000000000000000C /* ExercisesListView.swift in Sources */ = {isa = PBXBuildFile; fileRef = A2000000000000000000000C /* ExercisesListView.swift */; };
		A1000000000000000000000D /* HistoryView.swift in Sources */ = {isa = PBXBuildFile; fileRef = A2000000000000000000000D /* HistoryView.swift */; };
		A1000000000000000000000E /* SessionDetailView.swift in Sources */ = {isa = PBXBuildFile; fileRef = A2000000000000000000000E /* SessionDetailView.swift */; };
		A1000000000000000000000F /* Assets.xcassets in Resources */ = {isa = PBXBuildFile; fileRef = A2000000000000000000000F /* Assets.xcassets */; };
		A10000000000000000000010 /* RestTimerAttributes.swift in Sources */ = {isa = PBXBuildFile; fileRef = A20000000000000000000010 /* RestTimerAttributes.swift */; };
		A10000000000000000000011 /* WorkoutTargetFormatter.swift in Sources */ = {isa = PBXBuildFile; fileRef = A20000000000000000000011 /* WorkoutTargetFormatter.swift */; };
		A10000000000000000000012 /* TrainingWeekProgress.swift in Sources */ = {isa = PBXBuildFile; fileRef = A20000000000000000000012 /* TrainingWeekProgress.swift */; };
		A1PROGDETAIL000000000001 /* ProgramDetailView.swift in Sources */ = {isa = PBXBuildFile; fileRef = A2PROGDETAIL000000000001 /* ProgramDetailView.swift */; };
		CC000000000000000000005 /* SettingsView.swift in Sources */ = {isa = PBXBuildFile; fileRef = CC000000000000000100005 /* SettingsView.swift */; };
		CC000000000000000000006 /* ExerciseProgressView.swift in Sources */ = {isa = PBXBuildFile; fileRef = CC000000000000000100006 /* ExerciseProgressView.swift */; };
		DBE02AEB864A65860041BAC2 /* Foundation.framework in Frameworks */ = {isa = PBXBuildFile; fileRef = B4994CEC26AC15587254F6D4 /* Foundation.framework */; };
		ECAT100000000000000000001 /* ExerciseCatalog.swift in Sources */ = {isa = PBXBuildFile; fileRef = ECAT200000000000000000001 /* ExerciseCatalog.swift */; };
		EWK100000000000000000001 /* EarlierWeekCatchup.swift in Sources */ = {isa = PBXBuildFile; fileRef = EWK200000000000000000001 /* EarlierWeekCatchup.swift */; };
		FT100000000000000000001 /* Geist-Medium.ttf in Resources */ = {isa = PBXBuildFile; fileRef = FT000000000000000000001 /* Geist-Medium.ttf */; };
		FT100000000000000000002 /* Geist-SemiBold.ttf in Resources */ = {isa = PBXBuildFile; fileRef = FT000000000000000000002 /* Geist-SemiBold.ttf */; };
		FT100000000000000000003 /* Geist-Bold.ttf in Resources */ = {isa = PBXBuildFile; fileRef = FT000000000000000000003 /* Geist-Bold.ttf */; };
		FT100000000000000000004 /* GeistMono-Medium.ttf in Resources */ = {isa = PBXBuildFile; fileRef = FT000000000000000000004 /* GeistMono-Medium.ttf */; };
		FT100000000000000000010 /* GeistMono-SemiBold.ttf in Resources */ = {isa = PBXBuildFile; fileRef = FT000000000000000000010 /* GeistMono-SemiBold.ttf */; };
		FT100000000000000000011 /* GeistMono-Bold.ttf in Resources */ = {isa = PBXBuildFile; fileRef = FT000000000000000000011 /* GeistMono-Bold.ttf */; };
		OB100000000000000000001 /* OnboardingViewModel.swift in Sources */ = {isa = PBXBuildFile; fileRef = OB000000000000000000001 /* OnboardingViewModel.swift */; };
		OB100000000000000000002 /* OnboardingView.swift in Sources */ = {isa = PBXBuildFile; fileRef = OB000000000000000000002 /* OnboardingView.swift */; };
		OB100000000000000000003 /* OnboardingShell.swift in Sources */ = {isa = PBXBuildFile; fileRef = OB000000000000000000003 /* OnboardingShell.swift */; };
		OB100000000000000000004 /* OnboardingSplashView.swift in Sources */ = {isa = PBXBuildFile; fileRef = OB000000000000000000004 /* OnboardingSplashView.swift */; };
		OB100000000000000000007 /* OnboardingSplitBuilderView.swift in Sources */ = {isa = PBXBuildFile; fileRef = OB000000000000000000007 /* OnboardingSplitBuilderView.swift */; };
		OB100000000000000000009 /* OnboardingScheduleView.swift in Sources */ = {isa = PBXBuildFile; fileRef = OB000000000000000000009 /* OnboardingScheduleView.swift */; };
		OB10000000000000000000D /* OnboardingImportMethodView.swift in Sources */ = {isa = PBXBuildFile; fileRef = OB00000000000000000000D /* OnboardingImportMethodView.swift */; };
		OB10000000000000000000E /* OnboardingProgramImportView.swift in Sources */ = {isa = PBXBuildFile; fileRef = OB00000000000000000000E /* OnboardingProgramImportView.swift */; };
		OB100000000000000000020 /* OnboardingUnitPickerView.swift in Sources */ = {isa = PBXBuildFile; fileRef = OB000000000000000000020 /* OnboardingUnitPickerView.swift */; };
		OB100000000000000000022 /* OnboardingLibraryPickerView.swift in Sources */ = {isa = PBXBuildFile; fileRef = OB000000000000000000022 /* OnboardingLibraryPickerView.swift */; };
		OB100000000000000000024 /* OnboardingProgramPreviewView.swift in Sources */ = {isa = PBXBuildFile; fileRef = OB000000000000000000024 /* OnboardingProgramPreviewView.swift */; };
		PCAT100000000000000000001 /* ProgramCatalog.swift in Sources */ = {isa = PBXBuildFile; fileRef = PCAT200000000000000000001 /* ProgramCatalog.swift */; };
		PIMP100000000000000000001 /* ProgramImporter.swift in Sources */ = {isa = PBXBuildFile; fileRef = PIMP200000000000000000001 /* ProgramImporter.swift */; };
		PLDT100000000000000000001 /* ProgramLibraryDetailView.swift in Sources */ = {isa = PBXBuildFile; fileRef = PLDT200000000000000000001 /* ProgramLibraryDetailView.swift */; };
		PLIB100000000000000000001 /* ProgramLibraryView.swift in Sources */ = {isa = PBXBuildFile; fileRef = PLIB200000000000000000001 /* ProgramLibraryView.swift */; };
		PRV100000000000000000001 /* PrivacyInfo.xcprivacy in Resources */ = {isa = PBXBuildFile; fileRef = PRV000000000000000000001 /* PrivacyInfo.xcprivacy */; };
		PTPL100000000000000000001 /* ProgramTemplate.swift in Sources */ = {isa = PBXBuildFile; fileRef = PTPL200000000000000000001 /* ProgramTemplate.swift */; };
		QKS100000000000000000001 /* FreestyleSessionSupport.swift in Sources */ = {isa = PBXBuildFile; fileRef = QKS200000000000000000001 /* FreestyleSessionSupport.swift */; };
		SUB100000000000000000001 /* StoreManager.swift in Sources */ = {isa = PBXBuildFile; fileRef = SUB000000000000000000001 /* StoreManager.swift */; };
		SUB100000000000000000002 /* PaywallView.swift in Sources */ = {isa = PBXBuildFile; fileRef = SUB000000000000000000002 /* PaywallView.swift */; };
		TRO100000000000000000001 /* TodayRoutineOverride.swift in Sources */ = {isa = PBXBuildFile; fileRef = TRO200000000000000000001 /* TodayRoutineOverride.swift */; };
		UI100000000000000000005 /* DesignSystem.swift in Sources */ = {isa = PBXBuildFile; fileRef = UI000000000000000000005 /* DesignSystem.swift */; };
		UI100000000000000000006 /* AppCopy.swift in Sources */ = {isa = PBXBuildFile; fileRef = UI000000000000000000006 /* AppCopy.swift */; };
		UI100000000000000000007 /* EngagementPromptTracker.swift in Sources */ = {isa = PBXBuildFile; fileRef = UI000000000000000000007 /* EngagementPromptTracker.swift */; };
		UT100000000000000000004 /* EngagementPromptTrackerTests.swift in Sources */ = {isa = PBXBuildFile; fileRef = UT200000000000000000004 /* EngagementPromptTrackerTests.swift */; };
		UT100000000000000000001 /* OnboardingPaywallFlowUITests.swift in Sources */ = {isa = PBXBuildFile; fileRef = UT200000000000000000001 /* OnboardingPaywallFlowUITests.swift */; };
		UT100000000000000000002 /* Unit.storekit in Resources */ = {isa = PBXBuildFile; fileRef = A20000000000000000000013 /* Unit.storekit */; };
		UT100000000000000000003 /* AppCopy.swift in Sources */ = {isa = PBXBuildFile; fileRef = UI000000000000000000006 /* AppCopy.swift */; };
		WE100000000000000000001 /* RestTimerLiveActivity.swift in Sources */ = {isa = PBXBuildFile; fileRef = B20000000000000000000001 /* RestTimerLiveActivity.swift */; };
		WE100000000000000000002 /* UnitWidgetBundle.swift in Sources */ = {isa = PBXBuildFile; fileRef = B20000000000000000000002 /* UnitWidgetBundle.swift */; };
		WE100000000000000000003 /* RestTimerAttributes.swift in Sources */ = {isa = PBXBuildFile; fileRef = A20000000000000000000010 /* RestTimerAttributes.swift */; };
		WE100000000000000000004 /* UnitWidgetExtension.appex in Embed Foundation Extensions */ = {isa = PBXBuildFile; fileRef = WE000000000000000000001 /* UnitWidgetExtension.appex */; settings = {ATTRIBUTES = (RemoveHeadersOnCopy, ); }; };
		WRMP100000000000000000001 /* WarmupGenerator.swift in Sources */ = {isa = PBXBuildFile; fileRef = WRMP200000000000000000001 /* WarmupGenerator.swift */; };
/* End PBXBuildFile section */

/* Begin PBXContainerItemProxy section */
		B85A786BAF0B9211EB9C9CB7 /* PBXContainerItemProxy */ = {
			isa = PBXContainerItemProxy;
			containerPortal = A70000000000000000000001 /* Project object */;
			proxyType = 1;
			remoteGlobalIDString = A50000000000000000000001;
			remoteInfo = Unit;
		};
		UT800000000000000000001 /* PBXContainerItemProxy */ = {
			isa = PBXContainerItemProxy;
			containerPortal = A70000000000000000000001 /* Project object */;
			proxyType = 1;
			remoteGlobalIDString = A50000000000000000000001;
			remoteInfo = Unit;
		};
		WE800000000000000000001 /* PBXContainerItemProxy */ = {
			isa = PBXContainerItemProxy;
			containerPortal = A70000000000000000000001 /* Project object */;
			proxyType = 1;
			remoteGlobalIDString = WE500000000000000000001;
			remoteInfo = UnitWidgetExtension;
		};
/* End PBXContainerItemProxy section */

/* Begin PBXCopyFilesBuildPhase section */
		WE900000000000000000001 /* Embed Foundation Extensions */ = {
			isa = PBXCopyFilesBuildPhase;
			buildActionMask = 2147483647;
			dstPath = "";
			dstSubfolderSpec = 13;
			files = (
				WE100000000000000000004 /* UnitWidgetExtension.appex in Embed Foundation Extensions */,
			);
			name = "Embed Foundation Extensions";
			runOnlyForDeploymentPostprocessing = 0;
		};
/* End PBXCopyFilesBuildPhase section */

/* Begin PBXFileReference section */
		165569863085B0817806842C /* ProgramImportParserTests.swift */ = {isa = PBXFileReference; includeInIndex = 1; lastKnownFileType = sourcecode.swift; path = ProgramImportParserTests.swift; sourceTree = "<group>"; };
		165569863085B0817806842D /* ProgramImporterTests.swift */ = {isa = PBXFileReference; includeInIndex = 1; lastKnownFileType = sourcecode.swift; path = ProgramImporterTests.swift; sourceTree = "<group>"; };
		543AA9CD3011424800AC9494 /* Unit.xctestplan */ = {isa = PBXFileReference; lastKnownFileType = text; path = Unit.xctestplan; sourceTree = "<group>"; };
		544D8D052F5F58C100E4C17E /* Unit.entitlements */ = {isa = PBXFileReference; lastKnownFileType = text.plist.entitlements; path = Unit.entitlements; sourceTree = "<group>"; };
		A20000000000000000000000 /* Unit.app */ = {isa = PBXFileReference; explicitFileType = wrapper.application; includeInIndex = 0; path = Unit.app; sourceTree = BUILT_PRODUCTS_DIR; };
		A20000000000000000000001 /* UnitApp.swift */ = {isa = PBXFileReference; lastKnownFileType = sourcecode.swift; path = UnitApp.swift; sourceTree = "<group>"; };
		A20000000000000000000002 /* ContentView.swift */ = {isa = PBXFileReference; lastKnownFileType = sourcecode.swift; path = ContentView.swift; sourceTree = "<group>"; };
		A20000000000000000000003 /* Exercise.swift */ = {isa = PBXFileReference; lastKnownFileType = sourcecode.swift; path = Exercise.swift; sourceTree = "<group>"; };
		A20000000000000000000004 /* DayTemplate.swift */ = {isa = PBXFileReference; lastKnownFileType = sourcecode.swift; path = DayTemplate.swift; sourceTree = "<group>"; };
		A20000000000000000000005 /* WorkoutSession.swift */ = {isa = PBXFileReference; lastKnownFileType = sourcecode.swift; path = WorkoutSession.swift; sourceTree = "<group>"; };
		A20000000000000000000006 /* SetEntry.swift */ = {isa = PBXFileReference; lastKnownFileType = sourcecode.swift; path = SetEntry.swift; sourceTree = "<group>"; };
		A20000000000000000000007 /* TodayView.swift */ = {isa = PBXFileReference; lastKnownFileType = sourcecode.swift; path = TodayView.swift; sourceTree = "<group>"; };
		A20000000000000000000008 /* ActiveWorkoutView.swift */ = {isa = PBXFileReference; lastKnownFileType = sourcecode.swift; path = ActiveWorkoutView.swift; sourceTree = "<group>"; };
		A20000000000000000000009 /* TemplatesView.swift */ = {isa = PBXFileReference; lastKnownFileType = sourcecode.swift; path = TemplatesView.swift; sourceTree = "<group>"; };
		A2000000000000000000000A /* TemplateDetailView.swift */ = {isa = PBXFileReference; lastKnownFileType = sourcecode.swift; path = TemplateDetailView.swift; sourceTree = "<group>"; };
		A2000000000000000000000B /* AddTemplateView.swift */ = {isa = PBXFileReference; lastKnownFileType = sourcecode.swift; path = AddTemplateView.swift; sourceTree = "<group>"; };
		A2000000000000000000000C /* ExercisesListView.swift */ = {isa = PBXFileReference; lastKnownFileType = sourcecode.swift; path = ExercisesListView.swift; sourceTree = "<group>"; };
		A2000000000000000000000D /* HistoryView.swift */ = {isa = PBXFileReference; lastKnownFileType = sourcecode.swift; path = HistoryView.swift; sourceTree = "<group>"; };
		A2000000000000000000000E /* SessionDetailView.swift */ = {isa = PBXFileReference; lastKnownFileType = sourcecode.swift; path = SessionDetailView.swift; sourceTree = "<group>"; };
		A2000000000000000000000F /* Assets.xcassets */ = {isa = PBXFileReference; lastKnownFileType = folder.assetcatalog; path = Assets.xcassets; sourceTree = "<group>"; };
		A20000000000000000000010 /* RestTimerAttributes.swift */ = {isa = PBXFileReference; lastKnownFileType = sourcecode.swift; path = RestTimerAttributes.swift; sourceTree = "<group>"; };
		A20000000000000000000011 /* WorkoutTargetFormatter.swift */ = {isa = PBXFileReference; lastKnownFileType = sourcecode.swift; path = WorkoutTargetFormatter.swift; sourceTree = "<group>"; };
		A20000000000000000000012 /* TrainingWeekProgress.swift */ = {isa = PBXFileReference; lastKnownFileType = sourcecode.swift; path = TrainingWeekProgress.swift; sourceTree = "<group>"; };
		A20000000000000000000013 /* Unit.storekit */ = {isa = PBXFileReference; lastKnownFileType = text; path = Unit.storekit; sourceTree = "<group>"; };
		A2PROGDETAIL000000000001 /* ProgramDetailView.swift */ = {isa = PBXFileReference; lastKnownFileType = sourcecode.swift; path = ProgramDetailView.swift; sourceTree = "<group>"; };
		A8A408691CFD63BC56DC55CE /* ProgramImportParser.swift */ = {isa = PBXFileReference; includeInIndex = 1; lastKnownFileType = sourcecode.swift; path = ProgramImportParser.swift; sourceTree = "<group>"; };
		B20000000000000000000001 /* RestTimerLiveActivity.swift */ = {isa = PBXFileReference; lastKnownFileType = sourcecode.swift; path = RestTimerLiveActivity.swift; sourceTree = "<group>"; };
		B20000000000000000000002 /* UnitWidgetBundle.swift */ = {isa = PBXFileReference; lastKnownFileType = sourcecode.swift; path = UnitWidgetBundle.swift; sourceTree = "<group>"; };
		B20000000000000000000003 /* Info.plist */ = {isa = PBXFileReference; lastKnownFileType = text.plist.xml; path = Info.plist; sourceTree = "<group>"; };
		B4994CEC26AC15587254F6D4 /* Foundation.framework */ = {isa = PBXFileReference; lastKnownFileType = wrapper.framework; name = Foundation.framework; path = Platforms/iPhoneOS.platform/Developer/SDKs/iPhoneOS18.0.sdk/System/Library/Frameworks/Foundation.framework; sourceTree = DEVELOPER_DIR; };
		CC000000000000000100005 /* SettingsView.swift */ = {isa = PBXFileReference; lastKnownFileType = sourcecode.swift; path = SettingsView.swift; sourceTree = "<group>"; };
		CC000000000000000100006 /* ExerciseProgressView.swift */ = {isa = PBXFileReference; lastKnownFileType = sourcecode.swift; path = ExerciseProgressView.swift; sourceTree = "<group>"; };
		ECAT200000000000000000001 /* ExerciseCatalog.swift */ = {isa = PBXFileReference; lastKnownFileType = sourcecode.swift; path = ExerciseCatalog.swift; sourceTree = "<group>"; };
		EWK200000000000000000001 /* EarlierWeekCatchup.swift */ = {isa = PBXFileReference; lastKnownFileType = sourcecode.swift; path = EarlierWeekCatchup.swift; sourceTree = "<group>"; };
		FD3F6404A55923CE345F9422 /* UnitTests.xctest */ = {isa = PBXFileReference; explicitFileType = wrapper.cfbundle; includeInIndex = 0; path = UnitTests.xctest; sourceTree = BUILT_PRODUCTS_DIR; };
		FT000000000000000000001 /* Geist-Medium.ttf */ = {isa = PBXFileReference; lastKnownFileType = file; path = "Geist-Medium.ttf"; sourceTree = "<group>"; };
		FT000000000000000000002 /* Geist-SemiBold.ttf */ = {isa = PBXFileReference; lastKnownFileType = file; path = "Geist-SemiBold.ttf"; sourceTree = "<group>"; };
		FT000000000000000000003 /* Geist-Bold.ttf */ = {isa = PBXFileReference; lastKnownFileType = file; path = "Geist-Bold.ttf"; sourceTree = "<group>"; };
		FT000000000000000000004 /* GeistMono-Medium.ttf */ = {isa = PBXFileReference; lastKnownFileType = file; path = "GeistMono-Medium.ttf"; sourceTree = "<group>"; };
		FT000000000000000000005 /* Info.plist */ = {isa = PBXFileReference; lastKnownFileType = text.plist.xml; path = Info.plist; sourceTree = "<group>"; };
		FT000000000000000000010 /* GeistMono-SemiBold.ttf */ = {isa = PBXFileReference; lastKnownFileType = file; path = "GeistMono-SemiBold.ttf"; sourceTree = "<group>"; };
		FT000000000000000000011 /* GeistMono-Bold.ttf */ = {isa = PBXFileReference; lastKnownFileType = file; path = "GeistMono-Bold.ttf"; sourceTree = "<group>"; };
		OB000000000000000000001 /* OnboardingViewModel.swift */ = {isa = PBXFileReference; lastKnownFileType = sourcecode.swift; path = OnboardingViewModel.swift; sourceTree = "<group>"; };
		OB000000000000000000002 /* OnboardingView.swift */ = {isa = PBXFileReference; lastKnownFileType = sourcecode.swift; path = OnboardingView.swift; sourceTree = "<group>"; };
		OB000000000000000000003 /* OnboardingShell.swift */ = {isa = PBXFileReference; lastKnownFileType = sourcecode.swift; path = OnboardingShell.swift; sourceTree = "<group>"; };
		OB000000000000000000004 /* OnboardingSplashView.swift */ = {isa = PBXFileReference; lastKnownFileType = sourcecode.swift; path = OnboardingSplashView.swift; sourceTree = "<group>"; };
		OB000000000000000000007 /* OnboardingSplitBuilderView.swift */ = {isa = PBXFileReference; lastKnownFileType = sourcecode.swift; path = OnboardingSplitBuilderView.swift; sourceTree = "<group>"; };
		OB000000000000000000009 /* OnboardingScheduleView.swift */ = {isa = PBXFileReference; lastKnownFileType = sourcecode.swift; path = OnboardingScheduleView.swift; sourceTree = "<group>"; };
		OB00000000000000000000D /* OnboardingImportMethodView.swift */ = {isa = PBXFileReference; lastKnownFileType = sourcecode.swift; path = OnboardingImportMethodView.swift; sourceTree = "<group>"; };
		OB00000000000000000000E /* OnboardingProgramImportView.swift */ = {isa = PBXFileReference; lastKnownFileType = sourcecode.swift; path = OnboardingProgramImportView.swift; sourceTree = "<group>"; };
		OB000000000000000000020 /* OnboardingUnitPickerView.swift */ = {isa = PBXFileReference; lastKnownFileType = sourcecode.swift; path = OnboardingUnitPickerView.swift; sourceTree = "<group>"; };
		OB000000000000000000022 /* OnboardingLibraryPickerView.swift */ = {isa = PBXFileReference; lastKnownFileType = sourcecode.swift; path = OnboardingLibraryPickerView.swift; sourceTree = "<group>"; };
		OB000000000000000000024 /* OnboardingProgramPreviewView.swift */ = {isa = PBXFileReference; lastKnownFileType = sourcecode.swift; path = OnboardingProgramPreviewView.swift; sourceTree = "<group>"; };
		PCAT200000000000000000001 /* ProgramCatalog.swift */ = {isa = PBXFileReference; lastKnownFileType = sourcecode.swift; path = ProgramCatalog.swift; sourceTree = "<group>"; };
		PIMP200000000000000000001 /* ProgramImporter.swift */ = {isa = PBXFileReference; lastKnownFileType = sourcecode.swift; path = ProgramImporter.swift; sourceTree = "<group>"; };
		PLDT200000000000000000001 /* ProgramLibraryDetailView.swift */ = {isa = PBXFileReference; lastKnownFileType = sourcecode.swift; path = ProgramLibraryDetailView.swift; sourceTree = "<group>"; };
		PLIB200000000000000000001 /* ProgramLibraryView.swift */ = {isa = PBXFileReference; lastKnownFileType = sourcecode.swift; path = ProgramLibraryView.swift; sourceTree = "<group>"; };
		PRV000000000000000000001 /* PrivacyInfo.xcprivacy */ = {isa = PBXFileReference; lastKnownFileType = text.xml; path = PrivacyInfo.xcprivacy; sourceTree = "<group>"; };
		PTPL200000000000000000001 /* ProgramTemplate.swift */ = {isa = PBXFileReference; lastKnownFileType = sourcecode.swift; path = ProgramTemplate.swift; sourceTree = "<group>"; };
		QKS200000000000000000001 /* FreestyleSessionSupport.swift */ = {isa = PBXFileReference; lastKnownFileType = sourcecode.swift; path = FreestyleSessionSupport.swift; sourceTree = "<group>"; };
		SUB000000000000000000001 /* StoreManager.swift */ = {isa = PBXFileReference; lastKnownFileType = sourcecode.swift; path = StoreManager.swift; sourceTree = "<group>"; };
		SUB000000000000000000002 /* PaywallView.swift */ = {isa = PBXFileReference; lastKnownFileType = sourcecode.swift; path = PaywallView.swift; sourceTree = "<group>"; };
		TRO200000000000000000001 /* TodayRoutineOverride.swift */ = {isa = PBXFileReference; lastKnownFileType = sourcecode.swift; path = TodayRoutineOverride.swift; sourceTree = "<group>"; };
		UI000000000000000000005 /* DesignSystem.swift */ = {isa = PBXFileReference; lastKnownFileType = sourcecode.swift; path = DesignSystem.swift; sourceTree = "<group>"; };
		UI000000000000000000006 /* AppCopy.swift */ = {isa = PBXFileReference; lastKnownFileType = sourcecode.swift; path = AppCopy.swift; sourceTree = "<group>"; };
		UI000000000000000000007 /* EngagementPromptTracker.swift */ = {isa = PBXFileReference; lastKnownFileType = sourcecode.swift; path = EngagementPromptTracker.swift; sourceTree = "<group>"; };
		UT200000000000000000004 /* EngagementPromptTrackerTests.swift */ = {isa = PBXFileReference; includeInIndex = 1; lastKnownFileType = sourcecode.swift; path = EngagementPromptTrackerTests.swift; sourceTree = "<group>"; };
		UT200000000000000000001 /* OnboardingPaywallFlowUITests.swift */ = {isa = PBXFileReference; includeInIndex = 1; lastKnownFileType = sourcecode.swift; path = OnboardingPaywallFlowUITests.swift; sourceTree = "<group>"; };
		UT200000000000000000002 /* UnitUITests.xctest */ = {isa = PBXFileReference; explicitFileType = wrapper.cfbundle; includeInIndex = 0; path = UnitUITests.xctest; sourceTree = BUILT_PRODUCTS_DIR; };
		WE000000000000000000001 /* UnitWidgetExtension.appex */ = {isa = PBXFileReference; explicitFileType = "wrapper.app-extension"; includeInIndex = 0; path = UnitWidgetExtension.appex; sourceTree = BUILT_PRODUCTS_DIR; };
		WRMP200000000000000000001 /* WarmupGenerator.swift */ = {isa = PBXFileReference; lastKnownFileType = sourcecode.swift; path = WarmupGenerator.swift; sourceTree = "<group>"; };
/* End PBXFileReference section */

/* Begin PBXFrameworksBuildPhase section */
		143B0525B9481C1F98DEB694 /* Frameworks */ = {
			isa = PBXFrameworksBuildPhase;
			buildActionMask = 2147483647;
			files = (
				DBE02AEB864A65860041BAC2 /* Foundation.framework in Frameworks */,
			);
			runOnlyForDeploymentPostprocessing = 0;
		};
		A30000000000000000000001 /* Frameworks */ = {
			isa = PBXFrameworksBuildPhase;
			buildActionMask = 2147483647;
			files = (
			);
			runOnlyForDeploymentPostprocessing = 0;
		};
		UT400000000000000000002 /* Frameworks */ = {
			isa = PBXFrameworksBuildPhase;
			buildActionMask = 2147483647;
			files = (
			);
			runOnlyForDeploymentPostprocessing = 0;
		};
		WE300000000000000000001 /* Frameworks */ = {
			isa = PBXFrameworksBuildPhase;
			buildActionMask = 2147483647;
			files = (
			);
			runOnlyForDeploymentPostprocessing = 0;
		};
/* End PBXFrameworksBuildPhase section */

/* Begin PBXGroup section */
		053CD7431C0798E4C1207409 /* UnitTests */ = {
			isa = PBXGroup;
			children = (
				UT200000000000000000004 /* EngagementPromptTrackerTests.swift */,
				165569863085B0817806842C /* ProgramImportParserTests.swift */,
				165569863085B0817806842D /* ProgramImporterTests.swift */,
			);
			path = UnitTests;
			sourceTree = "<group>";
		};
		541C84E52F5B815D00D0DB57 /* Engine */ = {
			isa = PBXGroup;
			children = (
				WRMP200000000000000000001 /* WarmupGenerator.swift */,
			);
			path = Engine;
			sourceTree = "<group>";
		};
		5CD29B9EF3A2BA51B2BB2BF2 /* iOS */ = {
			isa = PBXGroup;
			children = (
				B4994CEC26AC15587254F6D4 /* Foundation.framework */,
			);
			name = iOS;
			sourceTree = "<group>";
		};
		A40000000000000000000001 = {
			isa = PBXGroup;
			children = (
				543AA9CD3011424800AC9494 /* Unit.xctestplan */,
				A40000000000000000000002 /* Unit */,
				B40000000000000000000001 /* UnitWidget */,
				A40000000000000000000003 /* Products */,
				DBE06D3FF68AA954B7F15B59 /* Frameworks */,
				053CD7431C0798E4C1207409 /* UnitTests */,
				UT300000000000000000001 /* UnitUITests */,
			);
			sourceTree = "<group>";
		};
		A40000000000000000000002 /* Unit */ = {
			isa = PBXGroup;
			children = (
				FT000000000000000000005 /* Info.plist */,
				PRV000000000000000000001 /* PrivacyInfo.xcprivacy */,
				544D8D052F5F58C100E4C17E /* Unit.entitlements */,
				A20000000000000000000013 /* Unit.storekit */,
				A20000000000000000000001 /* UnitApp.swift */,
				A20000000000000000000002 /* ContentView.swift */,
				UI200000000000000000001 /* UI */,
				A40000000000000000000004 /* Models */,
				ECAT300000000000000000001 /* Data */,
				A40000000000000000000005 /* Features */,
				A2000000000000000000000F /* Assets.xcassets */,
				541C84E52F5B815D00D0DB57 /* Engine */,
				FT200000000000000000002 /* Resources */,
			);
			path = Unit;
			sourceTree = "<group>";
		};
		A40000000000000000000003 /* Products */ = {
			isa = PBXGroup;
			children = (
				A20000000000000000000000 /* Unit.app */,
				WE000000000000000000001 /* UnitWidgetExtension.appex */,
				FD3F6404A55923CE345F9422 /* UnitTests.xctest */,
				UT200000000000000000002 /* UnitUITests.xctest */,
			);
			name = Products;
			sourceTree = "<group>";
		};
		A40000000000000000000004 /* Models */ = {
			isa = PBXGroup;
			children = (
				A20000000000000000000003 /* Exercise.swift */,
				A20000000000000000000004 /* DayTemplate.swift */,
				A20000000000000000000005 /* WorkoutSession.swift */,
				A20000000000000000000006 /* SetEntry.swift */,
			);
			path = Models;
			sourceTree = "<group>";
		};
		A40000000000000000000005 /* Features */ = {
			isa = PBXGroup;
			children = (
				A40000000000000000000006 /* Today */,
				A40000000000000000000007 /* Templates */,
				A40000000000000000000008 /* History */,
				A40000000000000000000009 /* Settings */,
				OB200000000000000000001 /* Onboarding */,
				SUB200000000000000000001 /* Subscription */,
			);
			path = Features;
			sourceTree = "<group>";
		};
		A40000000000000000000006 /* Today */ = {
			isa = PBXGroup;
			children = (
				A20000000000000000000007 /* TodayView.swift */,
				EWK200000000000000000001 /* EarlierWeekCatchup.swift */,
				TRO200000000000000000001 /* TodayRoutineOverride.swift */,
				A20000000000000000000012 /* TrainingWeekProgress.swift */,
				A20000000000000000000008 /* ActiveWorkoutView.swift */,
				A20000000000000000000010 /* RestTimerAttributes.swift */,
				A20000000000000000000011 /* WorkoutTargetFormatter.swift */,
			);
			path = Today;
			sourceTree = "<group>";
		};
		A40000000000000000000007 /* Templates */ = {
			isa = PBXGroup;
			children = (
				A20000000000000000000009 /* TemplatesView.swift */,
				QKS200000000000000000001 /* FreestyleSessionSupport.swift */,
				A2PROGDETAIL000000000001 /* ProgramDetailView.swift */,
				A2000000000000000000000A /* TemplateDetailView.swift */,
				A2000000000000000000000B /* AddTemplateView.swift */,
				A2000000000000000000000C /* ExercisesListView.swift */,
				PLIB200000000000000000001 /* ProgramLibraryView.swift */,
				PLDT200000000000000000001 /* ProgramLibraryDetailView.swift */,
			);
			path = Templates;
			sourceTree = "<group>";
		};
		A40000000000000000000008 /* History */ = {
			isa = PBXGroup;
			children = (
				A2000000000000000000000D /* HistoryView.swift */,
				A2000000000000000000000E /* SessionDetailView.swift */,
				CC000000000000000100006 /* ExerciseProgressView.swift */,
			);
			path = History;
			sourceTree = "<group>";
		};
		A40000000000000000000009 /* Settings */ = {
			isa = PBXGroup;
			children = (
				CC000000000000000100005 /* SettingsView.swift */,
			);
			path = Settings;
			sourceTree = "<group>";
		};
		B40000000000000000000001 /* UnitWidget */ = {
			isa = PBXGroup;
			children = (
				B20000000000000000000001 /* RestTimerLiveActivity.swift */,
				B20000000000000000000002 /* UnitWidgetBundle.swift */,
				B20000000000000000000003 /* Info.plist */,
			);
			path = UnitWidget;
			sourceTree = "<group>";
		};
		DBE06D3FF68AA954B7F15B59 /* Frameworks */ = {
			isa = PBXGroup;
			children = (
				5CD29B9EF3A2BA51B2BB2BF2 /* iOS */,
			);
			name = Frameworks;
			sourceTree = "<group>";
		};
		ECAT300000000000000000001 /* Data */ = {
			isa = PBXGroup;
			children = (
				ECAT200000000000000000001 /* ExerciseCatalog.swift */,
				PTPL200000000000000000001 /* ProgramTemplate.swift */,
				PCAT200000000000000000001 /* ProgramCatalog.swift */,
				PIMP200000000000000000001 /* ProgramImporter.swift */,
			);
			path = Data;
			sourceTree = "<group>";
		};
		FT200000000000000000001 /* Fonts */ = {
			isa = PBXGroup;
			children = (
				FT000000000000000000001 /* Geist-Medium.ttf */,
				FT000000000000000000002 /* Geist-SemiBold.ttf */,
				FT000000000000000000003 /* Geist-Bold.ttf */,
				FT000000000000000000004 /* GeistMono-Medium.ttf */,
				FT000000000000000000010 /* GeistMono-SemiBold.ttf */,
				FT000000000000000000011 /* GeistMono-Bold.ttf */,
			);
			path = Fonts;
			sourceTree = "<group>";
		};
		FT200000000000000000002 /* Resources */ = {
			isa = PBXGroup;
			children = (
				FT200000000000000000001 /* Fonts */,
			);
			path = Resources;
			sourceTree = "<group>";
		};
		OB200000000000000000001 /* Onboarding */ = {
			isa = PBXGroup;
			children = (
				OB000000000000000000001 /* OnboardingViewModel.swift */,
				OB000000000000000000002 /* OnboardingView.swift */,
				OB000000000000000000003 /* OnboardingShell.swift */,
				OB000000000000000000004 /* OnboardingSplashView.swift */,
				OB000000000000000000007 /* OnboardingSplitBuilderView.swift */,
				OB000000000000000000009 /* OnboardingScheduleView.swift */,
				OB000000000000000000020 /* OnboardingUnitPickerView.swift */,
				OB000000000000000000022 /* OnboardingLibraryPickerView.swift */,
				OB000000000000000000024 /* OnboardingProgramPreviewView.swift */,
				OB00000000000000000000D /* OnboardingImportMethodView.swift */,
				OB00000000000000000000E /* OnboardingProgramImportView.swift */,
				A8A408691CFD63BC56DC55CE /* ProgramImportParser.swift */,
			);
			path = Onboarding;
			sourceTree = "<group>";
		};
		SUB200000000000000000001 /* Subscription */ = {
			isa = PBXGroup;
			children = (
				SUB000000000000000000001 /* StoreManager.swift */,
				SUB000000000000000000002 /* PaywallView.swift */,
			);
			path = Subscription;
			sourceTree = "<group>";
		};
		UI200000000000000000001 /* UI */ = {
			isa = PBXGroup;
			children = (
				UI000000000000000000006 /* AppCopy.swift */,
				UI000000000000000000007 /* EngagementPromptTracker.swift */,
				UI000000000000000000005 /* DesignSystem.swift */,
			);
			path = UI;
			sourceTree = "<group>";
		};
		UT300000000000000000001 /* UnitUITests */ = {
			isa = PBXGroup;
			children = (
				UT200000000000000000001 /* OnboardingPaywallFlowUITests.swift */,
			);
			path = UnitUITests;
			sourceTree = "<group>";
		};
/* End PBXGroup section */

/* Begin PBXNativeTarget section */
		81AEF1BDAF7F1FA295D6146A /* UnitTests */ = {
			isa = PBXNativeTarget;
			buildConfigurationList = FE6E38E5B8E24EBC10709497 /* Build configuration list for PBXNativeTarget "UnitTests" */;
			buildPhases = (
				C8C33DE30ACA7E47E85A22EF /* Sources */,
				143B0525B9481C1F98DEB694 /* Frameworks */,
				01E69E04E0B10B40DB39735D /* Resources */,
			);
			buildRules = (
			);
			dependencies = (
				E12696516A18DA0F71042443 /* PBXTargetDependency */,
			);
			name = UnitTests;
			productName = UnitTests;
			productReference = FD3F6404A55923CE345F9422 /* UnitTests.xctest */;
			productType = "com.apple.product-type.bundle.unit-test";
		};
		A50000000000000000000001 /* Unit */ = {
			isa = PBXNativeTarget;
			buildConfigurationList = A60000000000000000000002 /* Build configuration list for PBXNativeTarget "Unit" */;
			buildPhases = (
				A50000000000000000000002 /* Sources */,
				A30000000000000000000001 /* Frameworks */,
				A50000000000000000000003 /* Resources */,
				WE900000000000000000001 /* Embed Foundation Extensions */,
			);
			buildRules = (
			);
			dependencies = (
				WE800000000000000000002 /* PBXTargetDependency */,
			);
			name = Unit;
			productName = Unit;
			productReference = A20000000000000000000000 /* Unit.app */;
			productType = "com.apple.product-type.application";
		};
		UT500000000000000000001 /* UnitUITests */ = {
			isa = PBXNativeTarget;
			buildConfigurationList = UT600000000000000000001 /* Build configuration list for PBXNativeTarget "UnitUITests" */;
			buildPhases = (
				UT400000000000000000001 /* Sources */,
				UT400000000000000000002 /* Frameworks */,
				UT400000000000000000003 /* Resources */,
			);
			buildRules = (
			);
			dependencies = (
				UT800000000000000000002 /* PBXTargetDependency */,
			);
			name = UnitUITests;
			productName = UnitUITests;
			productReference = UT200000000000000000002 /* UnitUITests.xctest */;
			productType = "com.apple.product-type.bundle.ui-testing";
		};
		WE500000000000000000001 /* UnitWidgetExtension */ = {
			isa = PBXNativeTarget;
			buildConfigurationList = WE600000000000000000001 /* Build configuration list for PBXNativeTarget "UnitWidgetExtension" */;
			buildPhases = (
				WE200000000000000000001 /* Sources */,
				WE300000000000000000001 /* Frameworks */,
				WE400000000000000000001 /* Resources */,
			);
			buildRules = (
			);
			dependencies = (
			);
			name = UnitWidgetExtension;
			productName = UnitWidgetExtension;
			productReference = WE000000000000000000001 /* UnitWidgetExtension.appex */;
			productType = "com.apple.product-type.app-extension";
		};
/* End PBXNativeTarget section */

/* Begin PBXProject section */
		A70000000000000000000001 /* Project object */ = {
			isa = PBXProject;
			attributes = {
				BuildIndependentTargetsInParallel = 1;
				LastSwiftUpdateCheck = 1500;
				LastUpgradeCheck = 2700;
				TargetAttributes = {
					UT500000000000000000001 = {
						TestTargetID = A50000000000000000000001;
					};
				};
			};
			buildConfigurationList = A60000000000000000000001 /* Build configuration list for PBXProject "Unit" */;
			compatibilityVersion = "Xcode 14.0";
			developmentRegion = en;
			hasScannedForEncodings = 0;
			knownRegions = (
				en,
				Base,
			);
			mainGroup = A40000000000000000000001;
			productRefGroup = A40000000000000000000003 /* Products */;
			projectDirPath = "";
			projectRoot = "";
			targets = (
				A50000000000000000000001 /* Unit */,
				WE500000000000000000001 /* UnitWidgetExtension */,
				81AEF1BDAF7F1FA295D6146A /* UnitTests */,
				UT500000000000000000001 /* UnitUITests */,
			);
		};
/* End PBXProject section */

/* Begin PBXResourcesBuildPhase section */
		01E69E04E0B10B40DB39735D /* Resources */ = {
			isa = PBXResourcesBuildPhase;
			buildActionMask = 2147483647;
			files = (
			);
			runOnlyForDeploymentPostprocessing = 0;
		};
		A50000000000000000000003 /* Resources */ = {
			isa = PBXResourcesBuildPhase;
			buildActionMask = 2147483647;
			files = (
				A1000000000000000000000F /* Assets.xcassets in Resources */,
				PRV100000000000000000001 /* PrivacyInfo.xcprivacy in Resources */,
				FT100000000000000000001 /* Geist-Medium.ttf in Resources */,
				FT100000000000000000002 /* Geist-SemiBold.ttf in Resources */,
				FT100000000000000000003 /* Geist-Bold.ttf in Resources */,
				FT100000000000000000004 /* GeistMono-Medium.ttf in Resources */,
				FT100000000000000000010 /* GeistMono-SemiBold.ttf in Resources */,
				FT100000000000000000011 /* GeistMono-Bold.ttf in Resources */,
			);
			runOnlyForDeploymentPostprocessing = 0;
		};
		UT400000000000000000003 /* Resources */ = {
			isa = PBXResourcesBuildPhase;
			buildActionMask = 2147483647;
			files = (
				UT100000000000000000002 /* Unit.storekit in Resources */,
			);
			runOnlyForDeploymentPostprocessing = 0;
		};
		WE400000000000000000001 /* Resources */ = {
			isa = PBXResourcesBuildPhase;
			buildActionMask = 2147483647;
			files = (
			);
			runOnlyForDeploymentPostprocessing = 0;
		};
/* End PBXResourcesBuildPhase section */

/* Begin PBXSourcesBuildPhase section */
		A50000000000000000000002 /* Sources */ = {
			isa = PBXSourcesBuildPhase;
			buildActionMask = 2147483647;
			files = (
				A10000000000000000000001 /* UnitApp.swift in Sources */,
				A10000000000000000000002 /* ContentView.swift in Sources */,
				A10000000000000000000003 /* Exercise.swift in Sources */,
				ECAT100000000000000000001 /* ExerciseCatalog.swift in Sources */,
				PTPL100000000000000000001 /* ProgramTemplate.swift in Sources */,
				PCAT100000000000000000001 /* ProgramCatalog.swift in Sources */,
				PIMP100000000000000000001 /* ProgramImporter.swift in Sources */,
				PLIB100000000000000000001 /* ProgramLibraryView.swift in Sources */,
				PLDT100000000000000000001 /* ProgramLibraryDetailView.swift in Sources */,
				WRMP100000000000000000001 /* WarmupGenerator.swift in Sources */,
				A10000000000000000000004 /* DayTemplate.swift in Sources */,
				A10000000000000000000005 /* WorkoutSession.swift in Sources */,
				A10000000000000000000006 /* SetEntry.swift in Sources */,
				A10000000000000000000007 /* TodayView.swift in Sources */,
				EWK100000000000000000001 /* EarlierWeekCatchup.swift in Sources */,
				TRO100000000000000000001 /* TodayRoutineOverride.swift in Sources */,
				A10000000000000000000012 /* TrainingWeekProgress.swift in Sources */,
				A10000000000000000000008 /* ActiveWorkoutView.swift in Sources */,
				A10000000000000000000011 /* WorkoutTargetFormatter.swift in Sources */,
				A10000000000000000000009 /* TemplatesView.swift in Sources */,
				QKS100000000000000000001 /* FreestyleSessionSupport.swift in Sources */,
				A1PROGDETAIL000000000001 /* ProgramDetailView.swift in Sources */,
				A1000000000000000000000A /* TemplateDetailView.swift in Sources */,
				A1000000000000000000000B /* AddTemplateView.swift in Sources */,
				A1000000000000000000000C /* ExercisesListView.swift in Sources */,
				A1000000000000000000000D /* HistoryView.swift in Sources */,
				A1000000000000000000000E /* SessionDetailView.swift in Sources */,
				A10000000000000000000010 /* RestTimerAttributes.swift in Sources */,
				CC000000000000000000005 /* SettingsView.swift in Sources */,
				CC000000000000000000006 /* ExerciseProgressView.swift in Sources */,
				OB100000000000000000001 /* OnboardingViewModel.swift in Sources */,
				OB100000000000000000002 /* OnboardingView.swift in Sources */,
				OB100000000000000000003 /* OnboardingShell.swift in Sources */,
				OB100000000000000000004 /* OnboardingSplashView.swift in Sources */,
				OB100000000000000000007 /* OnboardingSplitBuilderView.swift in Sources */,
				OB100000000000000000009 /* OnboardingScheduleView.swift in Sources */,
				OB100000000000000000022 /* OnboardingLibraryPickerView.swift in Sources */,
				OB100000000000000000024 /* OnboardingProgramPreviewView.swift in Sources */,
				OB100000000000000000020 /* OnboardingUnitPickerView.swift in Sources */,
				OB10000000000000000000D /* OnboardingImportMethodView.swift in Sources */,
				OB10000000000000000000E /* OnboardingProgramImportView.swift in Sources */,
				UI100000000000000000005 /* DesignSystem.swift in Sources */,
				UI100000000000000000006 /* AppCopy.swift in Sources */,
				UI100000000000000000007 /* EngagementPromptTracker.swift in Sources */,
				SUB100000000000000000001 /* StoreManager.swift in Sources */,
				SUB100000000000000000002 /* PaywallView.swift in Sources */,
				1D3B32FFB367C7DBF1BCC87B /* ProgramImportParser.swift in Sources */,
			);
			runOnlyForDeploymentPostprocessing = 0;
		};
		C8C33DE30ACA7E47E85A22EF /* Sources */ = {
			isa = PBXSourcesBuildPhase;
			buildActionMask = 2147483647;
			files = (
				UT100000000000000000004 /* EngagementPromptTrackerTests.swift in Sources */,
				4BD7329FD7C1BC7DD8F91226 /* ProgramImportParserTests.swift in Sources */,
				4BD7329FD7C1BC7DD8F91227 /* ProgramImporterTests.swift in Sources */,
			);
			runOnlyForDeploymentPostprocessing = 0;
		};
		UT400000000000000000001 /* Sources */ = {
			isa = PBXSourcesBuildPhase;
			buildActionMask = 2147483647;
			files = (
				UT100000000000000000001 /* OnboardingPaywallFlowUITests.swift in Sources */,
				UT100000000000000000003 /* AppCopy.swift in Sources */,
			);
			runOnlyForDeploymentPostprocessing = 0;
		};
		WE200000000000000000001 /* Sources */ = {
			isa = PBXSourcesBuildPhase;
			buildActionMask = 2147483647;
			files = (
				WE100000000000000000001 /* RestTimerLiveActivity.swift in Sources */,
				WE100000000000000000002 /* UnitWidgetBundle.swift in Sources */,
				WE100000000000000000003 /* RestTimerAttributes.swift in Sources */,
			);
			runOnlyForDeploymentPostprocessing = 0;
		};
/* End PBXSourcesBuildPhase section */

/* Begin PBXTargetDependency section */
		E12696516A18DA0F71042443 /* PBXTargetDependency */ = {
			isa = PBXTargetDependency;
			name = Unit;
			target = A50000000000000000000001 /* Unit */;
			targetProxy = B85A786BAF0B9211EB9C9CB7 /* PBXContainerItemProxy */;
		};
		UT800000000000000000002 /* PBXTargetDependency */ = {
			isa = PBXTargetDependency;
			name = Unit;
			target = A50000000000000000000001 /* Unit */;
			targetProxy = UT800000000000000000001 /* PBXContainerItemProxy */;
		};
		WE800000000000000000002 /* PBXTargetDependency */ = {
			isa = PBXTargetDependency;
			target = WE500000000000000000001 /* UnitWidgetExtension */;
			targetProxy = WE800000000000000000001 /* PBXContainerItemProxy */;
		};
/* End PBXTargetDependency section */

/* Begin XCBuildConfiguration section */
		1060950633848A33EB4222A5 /* Debug */ = {
			isa = XCBuildConfiguration;
			buildSettings = {
				BUNDLE_LOADER = "$(TEST_HOST)";
				CLANG_ENABLE_OBJC_WEAK = YES;
				CODE_SIGN_STYLE = Automatic;
				CURRENT_PROJECT_VERSION = 58;
				GENERATE_INFOPLIST_FILE = YES;
				IPHONEOS_DEPLOYMENT_TARGET = 18.0;
				LD_RUNPATH_SEARCH_PATHS = (
					"$(inherited)",
					"@executable_path/Frameworks",
					"@loader_path/Frameworks",
				);
				MARKETING_VERSION = 2.1;
				PRODUCT_BUNDLE_IDENTIFIER = app.unitlift.UnitTests;
				PRODUCT_NAME = "$(TARGET_NAME)";
				SDKROOT = iphoneos;
				SWIFT_VERSION = 6.0;
				TARGETED_DEVICE_FAMILY = "1,2";
				TEST_HOST = "$(BUILT_PRODUCTS_DIR)/Unit.app/$(BUNDLE_EXECUTABLE_FOLDER_PATH)/Unit";
			};
			name = Debug;
		};
		7744992ACA739225B5E63CC6 /* Release */ = {
			isa = XCBuildConfiguration;
			buildSettings = {
				BUNDLE_LOADER = "$(TEST_HOST)";
				CLANG_ENABLE_OBJC_WEAK = YES;
				CODE_SIGN_STYLE = Automatic;
				CURRENT_PROJECT_VERSION = 58;
				GENERATE_INFOPLIST_FILE = YES;
				IPHONEOS_DEPLOYMENT_TARGET = 18.0;
				LD_RUNPATH_SEARCH_PATHS = (
					"$(inherited)",
					"@executable_path/Frameworks",
					"@loader_path/Frameworks",
				);
				MARKETING_VERSION = 2.1;
				PRODUCT_BUNDLE_IDENTIFIER = app.unitlift.UnitTests;
				PRODUCT_NAME = "$(TARGET_NAME)";
				SDKROOT = iphoneos;
				SWIFT_VERSION = 6.0;
				TARGETED_DEVICE_FAMILY = "1,2";
				TEST_HOST = "$(BUILT_PRODUCTS_DIR)/Unit.app/$(BUNDLE_EXECUTABLE_FOLDER_PATH)/Unit";
				VALIDATE_PRODUCT = YES;
			};
			name = Release;
		};
		A80000000000000000000001 /* Debug */ = {
			isa = XCBuildConfiguration;
			buildSettings = {
				ALWAYS_SEARCH_USER_PATHS = NO;
				ASSETCATALOG_COMPILER_GENERATE_SWIFT_ASSET_SYMBOL_EXTENSIONS = YES;
				CLANG_ANALYZER_NONNULL = YES;
				CLANG_ANALYZER_NUMBER_OBJECT_CONVERSION = YES_AGGRESSIVE;
				CLANG_CXX_LANGUAGE_STANDARD = "gnu++20";
				CLANG_WARN_BLOCK_CAPTURE_AUTORELEASING = YES;
				CLANG_WARN_BOOL_CONVERSION = YES;
				CLANG_WARN_COMMA = YES;
				CLANG_WARN_CONSTANT_CONVERSION = YES;
				CLANG_WARN_DEPRECATED_OBJC_IMPLEMENTATIONS = YES;
				CLANG_WARN_EMPTY_BODY = YES;
				CLANG_WARN_ENUM_CONVERSION = YES;
				CLANG_WARN_INFINITE_RECURSION = YES;
				CLANG_WARN_INT_CONVERSION = YES;
				CLANG_WARN_NON_LITERAL_NULL_CONVERSION = YES;
				CLANG_WARN_OBJC_IMPLICIT_RETAIN_SELF = YES;
				CLANG_WARN_OBJC_LITERAL_CONVERSION = YES;
				CLANG_WARN_QUOTED_INCLUDE_IN_FRAMEWORK_HEADER = YES;
				CLANG_WARN_RANGE_LOOP_ANALYSIS = YES;
				CLANG_WARN_STRICT_PROTOTYPES = YES;
				CLANG_WARN_SUSPICIOUS_MOVE = YES;
				CLANG_WARN_UNREACHABLE_CODE = YES;
				CLANG_WARN__DUPLICATE_METHOD_MATCH = YES;
				COPY_PHASE_STRIP = NO;
				DEAD_CODE_STRIPPING = YES;
				DEBUG_INFORMATION_FORMAT = dwarf;
				DEVELOPMENT_TEAM = R2BR5SX98Y;
				ENABLE_STRICT_OBJC_MSGSEND = YES;
				ENABLE_TESTABILITY = YES;
				ENABLE_USER_SCRIPT_SANDBOXING = YES;
				GCC_C_LANGUAGE_STANDARD = gnu17;
				GCC_DYNAMIC_NO_PIC = NO;
				GCC_NO_COMMON_BLOCKS = YES;
				GCC_OPTIMIZATION_LEVEL = 0;
				GCC_PREPROCESSOR_DEFINITIONS = (
					"DEBUG=1",
					"$(inherited)",
				);
				GCC_WARN_64_TO_32_BIT_CONVERSION = YES;
				GCC_WARN_ABOUT_RETURN_TYPE = YES;
				GCC_WARN_UNDECLARED_SELECTOR = YES;
				GCC_WARN_UNINITIALIZED_AUTOS = YES;
				GCC_WARN_UNUSED_FUNCTION = YES;
				GCC_WARN_UNUSED_VARIABLE = YES;
				LOCALIZATION_PREFERS_STRING_CATALOGS = YES;
				MTL_ENABLE_DEBUG_INFO = INCLUDE_SOURCE;
				MTL_FAST_MATH = YES;
				ONLY_ACTIVE_ARCH = YES;
				STRING_CATALOG_GENERATE_SYMBOLS = YES;
				SWIFT_ACTIVE_COMPILATION_CONDITIONS = "DEBUG $(inherited)";
				SWIFT_OPTIMIZATION_LEVEL = "-Onone";
			};
			name = Debug;
		};
		A80000000000000000000002 /* Release */ = {
			isa = XCBuildConfiguration;
			buildSettings = {
				ALWAYS_SEARCH_USER_PATHS = NO;
				ASSETCATALOG_COMPILER_GENERATE_SWIFT_ASSET_SYMBOL_EXTENSIONS = YES;
				CLANG_ANALYZER_NONNULL = YES;
				CLANG_ANALYZER_NUMBER_OBJECT_CONVERSION = YES_AGGRESSIVE;
				CLANG_CXX_LANGUAGE_STANDARD = "gnu++20";
				CLANG_WARN_BLOCK_CAPTURE_AUTORELEASING = YES;
				CLANG_WARN_BOOL_CONVERSION = YES;
				CLANG_WARN_COMMA = YES;
				CLANG_WARN_CONSTANT_CONVERSION = YES;
				CLANG_WARN_DEPRECATED_OBJC_IMPLEMENTATIONS = YES;
				CLANG_WARN_EMPTY_BODY = YES;
				CLANG_WARN_ENUM_CONVERSION = YES;
				CLANG_WARN_INFINITE_RECURSION = YES;
				CLANG_WARN_INT_CONVERSION = YES;
				CLANG_WARN_NON_LITERAL_NULL_CONVERSION = YES;
				CLANG_WARN_OBJC_IMPLICIT_RETAIN_SELF = YES;
				CLANG_WARN_OBJC_LITERAL_CONVERSION = YES;
				CLANG_WARN_QUOTED_INCLUDE_IN_FRAMEWORK_HEADER = YES;
				CLANG_WARN_RANGE_LOOP_ANALYSIS = YES;
				CLANG_WARN_STRICT_PROTOTYPES = YES;
				CLANG_WARN_SUSPICIOUS_MOVE = YES;
				CLANG_WARN_UNREACHABLE_CODE = YES;
				CLANG_WARN__DUPLICATE_METHOD_MATCH = YES;
				COPY_PHASE_STRIP = NO;
				DEAD_CODE_STRIPPING = YES;
				DEBUG_INFORMATION_FORMAT = "dwarf-with-dsym";
				DEVELOPMENT_TEAM = R2BR5SX98Y;
				ENABLE_NS_ASSERTIONS = NO;
				ENABLE_STRICT_OBJC_MSGSEND = YES;
				ENABLE_USER_SCRIPT_SANDBOXING = YES;
				GCC_C_LANGUAGE_STANDARD = gnu17;
				GCC_NO_COMMON_BLOCKS = YES;
				GCC_OPTIMIZATION_LEVEL = s;
				GCC_WARN_64_TO_32_BIT_CONVERSION = YES;
				GCC_WARN_ABOUT_RETURN_TYPE = YES;
				GCC_WARN_UNDECLARED_SELECTOR = YES;
				GCC_WARN_UNINITIALIZED_AUTOS = YES;
				GCC_WARN_UNUSED_FUNCTION = YES;
				GCC_WARN_UNUSED_VARIABLE = YES;
				LOCALIZATION_PREFERS_STRING_CATALOGS = YES;
				MTL_ENABLE_DEBUG_INFO = NO;
				MTL_FAST_MATH = YES;
				STRING_CATALOG_GENERATE_SYMBOLS = YES;
				SWIFT_COMPILATION_MODE = wholemodule;
			};
			name = Release;
		};
		A80000000000000000000003 /* Debug */ = {
			isa = XCBuildConfiguration;
			buildSettings = {
				ASSETCATALOG_COMPILER_APPICON_NAME = AppIcon;
				ASSETCATALOG_COMPILER_GLOBAL_ACCENT_COLOR_NAME = AccentColor;
				CLANG_ENABLE_OBJC_WEAK = YES;
				CODE_SIGN_ENTITLEMENTS = Unit/Unit.entitlements;
				CODE_SIGN_STYLE = Automatic;
				CURRENT_PROJECT_VERSION = 58;
				DEAD_CODE_STRIPPING = YES;
				DEVELOPMENT_ASSET_PATHS = "";
				ENABLE_PREVIEWS = YES;
				GENERATE_INFOPLIST_FILE = YES;
				INFOPLIST_FILE = Unit/Info.plist;
				INFOPLIST_KEY_CFBundleDisplayName = Unit;
				INFOPLIST_KEY_UIApplicationSceneManifest_Generation = YES;
				INFOPLIST_KEY_UIApplicationSupportsIndirectInputEvents = YES;
				INFOPLIST_KEY_UILaunchScreen_Generation = YES;
				INFOPLIST_KEY_UISupportedInterfaceOrientations_iPad = UIInterfaceOrientationPortrait;
				INFOPLIST_KEY_UISupportedInterfaceOrientations_iPhone = UIInterfaceOrientationPortrait;
				INFOPLIST_KEY_UIUserInterfaceStyle = Light;
				IPHONEOS_DEPLOYMENT_TARGET = 18.0;
				LD_RUNPATH_SEARCH_PATHS = (
					"$(inherited)",
					"@executable_path/Frameworks",
				);
				MARKETING_VERSION = 2.1;
				PRODUCT_BUNDLE_IDENTIFIER = app.unitlift;
				PRODUCT_NAME = "$(TARGET_NAME)";
				SUPPORTED_PLATFORMS = "iphoneos iphonesimulator";
				SUPPORTS_MACCATALYST = NO;
				SWIFT_APPROACHABLE_CONCURRENCY = YES;
				SWIFT_DEFAULT_ACTOR_ISOLATION = MainActor;
				SWIFT_EMIT_LOC_STRINGS = YES;
				SWIFT_STRICT_CONCURRENCY = complete;
				SWIFT_VERSION = 6.0;
				TARGETED_DEVICE_FAMILY = 1;
			};
			name = Debug;
		};
		A80000000000000000000004 /* Release */ = {
			isa = XCBuildConfiguration;
			buildSettings = {
				ASSETCATALOG_COMPILER_APPICON_NAME = AppIcon;
				ASSETCATALOG_COMPILER_GLOBAL_ACCENT_COLOR_NAME = AccentColor;
				CLANG_ENABLE_OBJC_WEAK = YES;
				CODE_SIGN_ENTITLEMENTS = Unit/Unit.entitlements;
				CODE_SIGN_STYLE = Automatic;
				CURRENT_PROJECT_VERSION = 58;
				DEAD_CODE_STRIPPING = YES;
				DEVELOPMENT_ASSET_PATHS = "";
				ENABLE_PREVIEWS = YES;
				GENERATE_INFOPLIST_FILE = YES;
				INFOPLIST_FILE = Unit/Info.plist;
				INFOPLIST_KEY_CFBundleDisplayName = Unit;
				INFOPLIST_KEY_UIApplicationSceneManifest_Generation = YES;
				INFOPLIST_KEY_UIApplicationSupportsIndirectInputEvents = YES;
				INFOPLIST_KEY_UILaunchScreen_Generation = YES;
				INFOPLIST_KEY_UISupportedInterfaceOrientations_iPad = UIInterfaceOrientationPortrait;
				INFOPLIST_KEY_UISupportedInterfaceOrientations_iPhone = UIInterfaceOrientationPortrait;
				INFOPLIST_KEY_UIUserInterfaceStyle = Light;
				IPHONEOS_DEPLOYMENT_TARGET = 18.0;
				LD_RUNPATH_SEARCH_PATHS = (
					"$(inherited)",
					"@executable_path/Frameworks",
				);
				MARKETING_VERSION = 2.1;
				PRODUCT_BUNDLE_IDENTIFIER = app.unitlift;
				PRODUCT_NAME = "$(TARGET_NAME)";
				SUPPORTED_PLATFORMS = "iphoneos iphonesimulator";
				SUPPORTS_MACCATALYST = NO;
				SWIFT_APPROACHABLE_CONCURRENCY = YES;
				SWIFT_DEFAULT_ACTOR_ISOLATION = MainActor;
				SWIFT_EMIT_LOC_STRINGS = YES;
				SWIFT_STRICT_CONCURRENCY = complete;
				SWIFT_VERSION = 6.0;
				TARGETED_DEVICE_FAMILY = 1;
			};
			name = Release;
		};
		UT700000000000000000001 /* Debug */ = {
			isa = XCBuildConfiguration;
			buildSettings = {
				CODE_SIGN_STYLE = Automatic;
				CURRENT_PROJECT_VERSION = 58;
				GENERATE_INFOPLIST_FILE = YES;
				IPHONEOS_DEPLOYMENT_TARGET = 18.0;
				LD_RUNPATH_SEARCH_PATHS = (
					"$(inherited)",
					"@executable_path/Frameworks",
					"@loader_path/Frameworks",
				);
				MARKETING_VERSION = 2.1;
				PRODUCT_BUNDLE_IDENTIFIER = app.unitlift.UnitUITests;
				PRODUCT_NAME = "$(TARGET_NAME)";
				SDKROOT = iphoneos;
				SWIFT_VERSION = 6.0;
				TARGETED_DEVICE_FAMILY = "1,2";
				TEST_TARGET_NAME = Unit;
			};
			name = Debug;
		};
		UT700000000000000000002 /* Release */ = {
			isa = XCBuildConfiguration;
			buildSettings = {
				CODE_SIGN_STYLE = Automatic;
				CURRENT_PROJECT_VERSION = 58;
				GENERATE_INFOPLIST_FILE = YES;
				IPHONEOS_DEPLOYMENT_TARGET = 18.0;
				LD_RUNPATH_SEARCH_PATHS = (
					"$(inherited)",
					"@executable_path/Frameworks",
					"@loader_path/Frameworks",
				);
				MARKETING_VERSION = 2.1;
				PRODUCT_BUNDLE_IDENTIFIER = app.unitlift.UnitUITests;
				PRODUCT_NAME = "$(TARGET_NAME)";
				SDKROOT = iphoneos;
				SWIFT_VERSION = 6.0;
				TARGETED_DEVICE_FAMILY = "1,2";
				TEST_TARGET_NAME = Unit;
				VALIDATE_PRODUCT = YES;
			};
			name = Release;
		};
		WE700000000000000000001 /* Debug */ = {
			isa = XCBuildConfiguration;
			buildSettings = {
				CLANG_ENABLE_OBJC_WEAK = YES;
				CODE_SIGN_STYLE = Automatic;
				CURRENT_PROJECT_VERSION = 58;
				DEAD_CODE_STRIPPING = YES;
				DEVELOPMENT_TEAM = R2BR5SX98Y;
				GENERATE_INFOPLIST_FILE = YES;
				INFOPLIST_FILE = UnitWidget/Info.plist;
				INFOPLIST_KEY_CFBundleDisplayName = "Unit Widget";
				INFOPLIST_KEY_NSHumanReadableCopyright = "";
				IPHONEOS_DEPLOYMENT_TARGET = 18.0;
				LD_RUNPATH_SEARCH_PATHS = (
					"$(inherited)",
					"@executable_path/Frameworks",
					"@executable_path/../../Frameworks",
				);
				MARKETING_VERSION = 2.1;
				PRODUCT_BUNDLE_IDENTIFIER = app.unitlift.UnitWidgetExtension;
				PRODUCT_NAME = "$(TARGET_NAME)";
				SKIP_INSTALL = YES;
				SUPPORTED_PLATFORMS = "iphoneos iphonesimulator";
				SUPPORTS_MACCATALYST = NO;
				SWIFT_APPROACHABLE_CONCURRENCY = YES;
				SWIFT_DEFAULT_ACTOR_ISOLATION = MainActor;
				SWIFT_EMIT_LOC_STRINGS = YES;
				SWIFT_STRICT_CONCURRENCY = complete;
				SWIFT_VERSION = 6.0;
				TARGETED_DEVICE_FAMILY = 1;
			};
			name = Debug;
		};
		WE700000000000000000002 /* Release */ = {
			isa = XCBuildConfiguration;
			buildSettings = {
				CLANG_ENABLE_OBJC_WEAK = YES;
				CODE_SIGN_STYLE = Automatic;
				CURRENT_PROJECT_VERSION = 58;
				DEAD_CODE_STRIPPING = YES;
				DEVELOPMENT_TEAM = R2BR5SX98Y;
				GENERATE_INFOPLIST_FILE = YES;
				INFOPLIST_FILE = UnitWidget/Info.plist;
				INFOPLIST_KEY_CFBundleDisplayName = "Unit Widget";
				INFOPLIST_KEY_NSHumanReadableCopyright = "";
				IPHONEOS_DEPLOYMENT_TARGET = 18.0;
				LD_RUNPATH_SEARCH_PATHS = (
					"$(inherited)",
					"@executable_path/Frameworks",
					"@executable_path/../../Frameworks",
				);
				MARKETING_VERSION = 2.1;
				PRODUCT_BUNDLE_IDENTIFIER = app.unitlift.UnitWidgetExtension;
				PRODUCT_NAME = "$(TARGET_NAME)";
				SKIP_INSTALL = YES;
				SUPPORTED_PLATFORMS = "iphoneos iphonesimulator";
				SUPPORTS_MACCATALYST = NO;
				SWIFT_APPROACHABLE_CONCURRENCY = YES;
				SWIFT_DEFAULT_ACTOR_ISOLATION = MainActor;
				SWIFT_EMIT_LOC_STRINGS = YES;
				SWIFT_STRICT_CONCURRENCY = complete;
				SWIFT_VERSION = 6.0;
				TARGETED_DEVICE_FAMILY = 1;
			};
			name = Release;
		};
/* End XCBuildConfiguration section */

/* Begin XCConfigurationList section */
		A60000000000000000000001 /* Build configuration list for PBXProject "Unit" */ = {
			isa = XCConfigurationList;
			buildConfigurations = (
				A80000000000000000000001 /* Debug */,
				A80000000000000000000002 /* Release */,
			);
			defaultConfigurationIsVisible = 0;
			defaultConfigurationName = Release;
		};
		A60000000000000000000002 /* Build configuration list for PBXNativeTarget "Unit" */ = {
			isa = XCConfigurationList;
			buildConfigurations = (
				A80000000000000000000003 /* Debug */,
				A80000000000000000000004 /* Release */,
			);
			defaultConfigurationIsVisible = 0;
			defaultConfigurationName = Release;
		};
		FE6E38E5B8E24EBC10709497 /* Build configuration list for PBXNativeTarget "UnitTests" */ = {
			isa = XCConfigurationList;
			buildConfigurations = (
				7744992ACA739225B5E63CC6 /* Release */,
				1060950633848A33EB4222A5 /* Debug */,
			);
			defaultConfigurationIsVisible = 0;
			defaultConfigurationName = Release;
		};
		UT600000000000000000001 /* Build configuration list for PBXNativeTarget "UnitUITests" */ = {
			isa = XCConfigurationList;
			buildConfigurations = (
				UT700000000000000000001 /* Debug */,
				UT700000000000000000002 /* Release */,
			);
			defaultConfigurationIsVisible = 0;
			defaultConfigurationName = Release;
		};
		WE600000000000000000001 /* Build configuration list for PBXNativeTarget "UnitWidgetExtension" */ = {
			isa = XCConfigurationList;
			buildConfigurations = (
				WE700000000000000000001 /* Debug */,
				WE700000000000000000002 /* Release */,
			);
			defaultConfigurationIsVisible = 0;
			defaultConfigurationName = Release;
		};
/* End XCConfigurationList section */
	};
	rootObject = A70000000000000000000001 /* Project object */;
}
